
Microsoft Visual Studio Solution File, Format Version 12.00
# Visual Studio Version 17
VisualStudioVersion = 17.14.37628.2 d17.14
MinimumVisualStudioVersion = 10.0.40219.1
Project("{FAE04EC0-301F-11D3-BF4B-00C04F79EFBC}") = "HACK26.Client.Widget.MyMoneyRules", "HACK26.Client.Widget.MyMoneyRules\HACK26.Client.Widget.MyMoneyRules.csproj", "{E5C2456E-DA00-4152-93D8-85DB33D0963D}"
EndProject
Global
	GlobalSection(SolutionConfigurationPlatforms) = preSolution
		Debug|Any CPU = Debug|Any CPU
		Release|Any CPU = Release|Any CPU
	EndGlobalSection
	GlobalSection(ProjectConfigurationPlatforms) = postSolution
		{E5C2456E-DA00-4152-93D8-85DB33D0963D}.Debug|Any CPU.ActiveCfg = Debug|Any CPU
		{E5C2456E-DA00-4152-93D8-85DB33D0963D}.Debug|Any CPU.Build.0 = Debug|Any CPU
		{E5C2456E-DA00-4152-93D8-85DB33D0963D}.Release|Any CPU.ActiveCfg = Release|Any CPU
		{E5C2456E-DA00-4152-93D8-85DB33D0963D}.Release|Any CPU.Build.0 = Release|Any CPU
	EndGlobalSection
	GlobalSection(SolutionProperties) = preSolution
		HideSolutionNode = FALSE
	EndGlobalSection
	GlobalSection(ExtensibilityGlobals) = postSolution
		SolutionGuid = {E7FF97E6-8688-45E2-8442-178173D3E2AA}
	EndGlobalSection
EndGlobal
